{
  "nodes": {
    "anyrun": {
      "inputs": {
        "flake-parts": "flake-parts",
        "nixpkgs": [
          "nixpkgs"
        ]
      },
      "locked": {
        "lastModified": 1712136515,
        "narHash": "sha256-LpjQJYC24S5P5XhJsZX6HqsQT1pohcFzM6N42I6qo/U=",
        "owner": "Kirottu",
        "repo": "anyrun",
        "rev": "be6728884d543665e7bd137bbef62dc1d04a210b",
        "type": "github"
      },
      "original": {
        "owner": "Kirottu",
        "repo": "anyrun",
        "type": "github"
      }
    },
    "flake-compat": {
      "flake": false,
      "locked": {
        "lastModified": 1696426674,
        "narHash": "sha256-kvjfFW7WAETZlt09AgDn1MrtKzP7t90Vf7vypd3OL1U=",
        "owner": "edolstra",
        "repo": "flake-compat",
        "rev": "0f9255e01c2351cc7d116c072cb317785dd33b33",
        "type": "github"
      },
      "original": {
        "owner": "edolstra",
        "repo": "flake-compat",
        "type": "github"
      }
    },
    "flake-compat_2": {
      "flake": false,
      "locked": {
        "lastModified": 1696426674,
        "narHash": "sha256-kvjfFW7WAETZlt09AgDn1MrtKzP7t90Vf7vypd3OL1U=",
        "owner": "edolstra",
        "repo": "flake-compat",
        "rev": "0f9255e01c2351cc7d116c072cb317785dd33b33",
        "type": "github"
      },
      "original": {
        "owner": "edolstra",
        "repo": "flake-compat",
        "type": "github"
      }
    },
    "flake-parts": {
      "inputs": {
        "nixpkgs-lib": [
          "anyrun",
          "nixpkgs"
        ]
      },
      "locked": {
        "lastModified": 1696343447,
        "narHash": "sha256-B2xAZKLkkeRFG5XcHHSXXcP7To9Xzr59KXeZiRf4vdQ=",
        "owner": "hercules-ci",
        "repo": "flake-parts",
        "rev": "c9afaba3dfa4085dbd2ccb38dfade5141e33d9d4",
        "type": "github"
      },
      "original": {
        "owner": "hercules-ci",
        "repo": "flake-parts",
        "type": "github"
      }
    },
    "flake-utils": {
      "inputs": {
        "systems": "systems"
      },
      "locked": {
        "lastModified": 1705309234,
        "narHash": "sha256-uNRRNRKmJyCRC/8y1RqBkqWBLM034y4qN7EprSdmgyA=",
        "owner": "numtide",
        "repo": "flake-utils",
        "rev": "1ef2e671c3b0c19053962c07dbda38332dcebf26",
        "type": "github"
      },
      "original": {
        "owner": "numtide",
        "repo": "flake-utils",
        "type": "github"
      }
    },
    "flake-utils_2": {
      "inputs": {
        "systems": "systems_2"
      },
      "locked": {
        "lastModified": 1694529238,
        "narHash": "sha256-zsNZZGTGnMOf9YpHKJqMSsa0dXbfmxeoJ7xHlrt+xmY=",
        "owner": "numtide",
        "repo": "flake-utils",
        "rev": "ff7b65b44d01cf9ba6a71320833626af21126384",
        "type": "github"
      },
      "original": {
        "owner": "numtide",
        "repo": "flake-utils",
        "type": "github"
      }
    },
    "home-manager": {
      "inputs": {
        "nixpkgs": [
          "nixpkgs"
        ]
      },
      "locked": {
        "lastModified": 1712688495,
        "narHash": "sha256-NrVLXkpT9ZigiI8md6NIzHS+3lE4QTj30IgXG57O9iM=",
        "owner": "nix-community",
        "repo": "home-manager",
        "rev": "b00d0e4fe9cba0047f54e77418ddda5f17e6ef2c",
        "type": "github"
      },
      "original": {
        "owner": "nix-community",
        "repo": "home-manager",
        "type": "github"
      }
    },
    "nix-darwin": {
      "inputs": {
        "nixpkgs": [
          "nixpkgs"
        ]
      },
      "locked": {
        "lastModified": 1712421168,
        "narHash": "sha256-sAUS+zDUpg70Ww21PZcriCbhob1tm9NfglarZDynSyc=",
        "owner": "rubikoid",
        "repo": "nix-darwin",
        "rev": "4229ae32f708c8da326887b996f9c41a0d8abb3c",
        "type": "github"
      },
      "original": {
        "owner": "rubikoid",
        "ref": "rubikoid/offline-flag",
        "repo": "nix-darwin",
        "type": "github"
      }
    },
    "nix-github-actions": {
      "inputs": {
        "nixpkgs": [
          "ygg-map",
          "poetry2nix",
          "nixpkgs"
        ]
      },
      "locked": {
        "lastModified": 1698974481,
        "narHash": "sha256-yPncV9Ohdz1zPZxYHQf47S8S0VrnhV7nNhCawY46hDA=",
        "owner": "nix-community",
        "repo": "nix-github-actions",
        "rev": "4bb5e752616262457bc7ca5882192a564c0472d2",
        "type": "github"
      },
      "original": {
        "owner": "nix-community",
        "repo": "nix-github-actions",
        "type": "github"
      }
    },
    "nix-wsl": {
      "inputs": {
        "flake-compat": "flake-compat",
        "flake-utils": "flake-utils",
        "nixpkgs": [
          "nixpkgs"
        ]
      },
      "locked": {
        "lastModified": 1710519878,
        "narHash": "sha256-0dbc10OBFUVYyXC+C+N6vRUd8xyBSRxkcZ4Egipbx0M=",
        "owner": "nix-community",
        "repo": "NixOS-WSL",
        "rev": "aef95bdb6800a3a2af7aa7083d6df03067da6592",
        "type": "github"
      },
      "original": {
        "owner": "nix-community",
        "repo": "NixOS-WSL",
        "rev": "aef95bdb6800a3a2af7aa7083d6df03067da6592",
        "type": "github"
      }
    },
    "nixos-dns": {
      "inputs": {
        "flake-compat": "flake-compat_2",
        "nixpkgs": [
          "nixpkgs"
        ]
      },
      "locked": {
        "lastModified": 1708022692,
        "narHash": "sha256-T2o3XwFWK5bYNnVqEYdW9JqmOtgpn26/GCgbrVJ47ls=",
        "owner": "Janik-Haag",
        "repo": "nixos-dns",
        "rev": "0205c8cc6b4f7f75689a922b0bf20730c64a51f4",
        "type": "github"
      },
      "original": {
        "owner": "Janik-Haag",
        "repo": "nixos-dns",
        "type": "github"
      }
    },
    "nixpkgs": {
      "locked": {
        "lastModified": 1711523803,
        "narHash": "sha256-UKcYiHWHQynzj6CN/vTcix4yd1eCu1uFdsuarupdCQQ=",
        "owner": "NixOS",
        "repo": "nixpkgs",
        "rev": "2726f127c15a4cc9810843b96cad73c7eb39e443",
        "type": "github"
      },
      "original": {
        "id": "nixpkgs",
        "rev": "2726f127c15a4cc9810843b96cad73c7eb39e443",
        "type": "indirect"
      }
    },
    "nixpkgs-old": {
      "locked": {
        "lastModified": 1704194953,
        "narHash": "sha256-RtDKd8Mynhe5CFnVT8s0/0yqtWFMM9LmCzXv/YKxnq4=",
        "owner": "NixOS",
        "repo": "nixpkgs",
        "rev": "bd645e8668ec6612439a9ee7e71f7eac4099d4f6",
        "type": "github"
      },
      "original": {
        "id": "nixpkgs",
        "rev": "bd645e8668ec6612439a9ee7e71f7eac4099d4f6",
        "type": "indirect"
      }
    },
    "nixpkgs-old-stable": {
      "locked": {
        "lastModified": 1712588820,
        "narHash": "sha256-y31s5idk3jMJMAVE4Ud9AdI7HT3CgTAeMTJ0StqKN7Y=",
        "owner": "NixOS",
        "repo": "nixpkgs",
        "rev": "d272ca50d1f7424fbfcd1e6f1c9e01d92f6da167",
        "type": "github"
      },
      "original": {
        "id": "nixpkgs",
        "ref": "nixos-23.11",
        "type": "indirect"
      }
    },
    "nixpkgs-old-stable-darwin": {
      "locked": {
        "lastModified": 1712530949,
        "narHash": "sha256-RX4hgMACjrgVjnfrazIHApzz2KeIB5FibGeCSSpiHxo=",
        "owner": "NixOS",
        "repo": "nixpkgs",
        "rev": "053ca46068a9a092c8909dd4daa7a099b16e4d91",
        "type": "github"
      },
      "original": {
        "id": "nixpkgs",
        "ref": "nixpkgs-23.11-darwin",
        "type": "indirect"
      }
    },
    "poetry2nix": {
      "inputs": {
        "flake-utils": "flake-utils_2",
        "nix-github-actions": "nix-github-actions",
        "nixpkgs": [
          "ygg-map",
          "nixpkgs"
        ],
        "systems": "systems_3",
        "treefmt-nix": "treefmt-nix"
      },
      "locked": {
        "lastModified": 1699840429,
        "narHash": "sha256-MmnYcEht/ACXT1jVz+52PKFaX3ahz7+utOSjOVVdgGs=",
        "owner": "nix-community",
        "repo": "poetry2nix",
        "rev": "4b235496501eacebc1afe7cc9bd8ce9cf88502e7",
        "type": "github"
      },
      "original": {
        "owner": "nix-community",
        "repo": "poetry2nix",
        "type": "github"
      }
    },
    "root": {
      "inputs": {
        "anyrun": "anyrun",
        "home-manager": "home-manager",
        "nix-darwin": "nix-darwin",
        "nix-wsl": "nix-wsl",
        "nixos-dns": "nixos-dns",
        "nixpkgs": "nixpkgs",
        "nixpkgs-old": "nixpkgs-old",
        "nixpkgs-old-stable": "nixpkgs-old-stable",
        "nixpkgs-old-stable-darwin": "nixpkgs-old-stable-darwin",
        "sops-nix": "sops-nix",
        "sops-nix-darwin": "sops-nix-darwin",
        "ygg-map": "ygg-map"
      }
    },
    "sops-nix": {
      "inputs": {
        "nixpkgs": [
          "nixpkgs"
        ],
        "nixpkgs-stable": [
          "nixpkgs-old-stable"
        ]
      },
      "locked": {
        "lastModified": 1695284550,
        "narHash": "sha256-z9fz/wz9qo9XePEvdduf+sBNeoI9QG8NJKl5ssA8Xl4=",
        "owner": "Mic92",
        "repo": "sops-nix",
        "rev": "2f375ed8702b0d8ee2430885059d5e7975e38f78",
        "type": "github"
      },
      "original": {
        "owner": "Mic92",
        "repo": "sops-nix",
        "rev": "2f375ed8702b0d8ee2430885059d5e7975e38f78",
        "type": "github"
      }
    },
    "sops-nix-darwin": {
      "inputs": {
        "nixpkgs": [
          "nixpkgs"
        ],
        "nixpkgs-stable": [
          "nixpkgs-old-stable"
        ]
      },
      "locked": {
        "lastModified": 1692658736,
        "narHash": "sha256-kucyW+sryHf2buyAFFWQHQMsqkYYHSvvYqr/DvwQukY=",
        "owner": "Kloenk",
        "repo": "sops-nix",
        "rev": "c0864759e5d3f5899195fd9debaeda48e08d47d8",
        "type": "github"
      },
      "original": {
        "owner": "Kloenk",
        "ref": "darwin",
        "repo": "sops-nix",
        "type": "github"
      }
    },
    "systems": {
      "locked": {
        "lastModified": 1681028828,
        "narHash": "sha256-Vy1rq5AaRuLzOxct8nz4T6wlgyUR7zLU309k9mBC768=",
        "owner": "nix-systems",
        "repo": "default",
        "rev": "da67096a3b9bf56a91d16901293e51ba5b49a27e",
        "type": "github"
      },
      "original": {
        "owner": "nix-systems",
        "repo": "default",
        "type": "github"
      }
    },
    "systems_2": {
      "locked": {
        "lastModified": 1681028828,
        "narHash": "sha256-Vy1rq5AaRuLzOxct8nz4T6wlgyUR7zLU309k9mBC768=",
        "owner": "nix-systems",
        "repo": "default",
        "rev": "da67096a3b9bf56a91d16901293e51ba5b49a27e",
        "type": "github"
      },
      "original": {
        "owner": "nix-systems",
        "repo": "default",
        "type": "github"
      }
    },
    "systems_3": {
      "locked": {
        "lastModified": 1681028828,
        "narHash": "sha256-Vy1rq5AaRuLzOxct8nz4T6wlgyUR7zLU309k9mBC768=",
        "owner": "nix-systems",
        "repo": "default",
        "rev": "da67096a3b9bf56a91d16901293e51ba5b49a27e",
        "type": "github"
      },
      "original": {
        "id": "systems",
        "type": "indirect"
      }
    },
    "treefmt-nix": {
      "inputs": {
        "nixpkgs": [
          "ygg-map",
          "poetry2nix",
          "nixpkgs"
        ]
      },
      "locked": {
        "lastModified": 1699786194,
        "narHash": "sha256-3h3EH1FXQkIeAuzaWB+nK0XK54uSD46pp+dMD3gAcB4=",
        "owner": "numtide",
        "repo": "treefmt-nix",
        "rev": "e82f32aa7f06bbbd56d7b12186d555223dc399d1",
        "type": "github"
      },
      "original": {
        "owner": "numtide",
        "repo": "treefmt-nix",
        "type": "github"
      }
    },
    "ygg-map": {
      "inputs": {
        "nixpkgs": [
          "nixpkgs"
        ],
        "poetry2nix": "poetry2nix"
      },
      "locked": {
        "lastModified": 1701002590,
        "narHash": "sha256-taSWqtt1O583Pzx53t4p5nBvU2Y3vlGDavqAmG/eWNk=",
        "owner": "rubikoid",
        "repo": "yggdrasil-map-ng",
        "rev": "380b5446fb79ab3a1e06b1b798712915ecf0af6b",
        "type": "github"
      },
      "original": {
        "owner": "rubikoid",
        "repo": "yggdrasil-map-ng",
        "rev": "380b5446fb79ab3a1e06b1b798712915ecf0af6b",
        "type": "github"
      }
    }
  },
  "root": "root",
  "version": 7
}
